{
  "name": "npm-exercise-3",
  "version": "1.0.0",
  "lockfileVersion": 2,
  "requires": true,
  "packages": {
    "": {
      "name": "npm-exercise-3",
      "version": "1.0.0",
      "license": "ISC",
      "dependencies": {
        "@estilles/expression-parser": "^1.0.0"
      },
      "devDependencies": {}
    },
    "node_modules/@estilles/expression-parser": {
      "version": "1.0.0",
      "resolved": "https://registry.npmjs.org/@estilles/expression-parser/-/expression-parser-1.0.0.tgz",
      "integrity": "sha512-Pidcwrp+YgjWjzXtt2IacpBkBcWCtMMcc21Jic/taXaPOX7efdcdYR5w65K7DWyOGyFXzaQAfvwEqBvDbyM9+w=="
    }
  },
  "dependencies": {
    "@estilles/expression-parser": {
      "version": "1.0.0",
      "resolved": "https://registry.npmjs.org/@estilles/expression-parser/-/expression-parser-1.0.0.tgz",
      "integrity": "sha512-Pidcwrp+YgjWjzXtt2IacpBkBcWCtMMcc21Jic/taXaPOX7efdcdYR5w65K7DWyOGyFXzaQAfvwEqBvDbyM9+w=="
    }
  }
}
